
Microsoft Visual Studio Solution File, Format Version 12.00
# Visual Studio Version 17
VisualStudioVersion = 17.10.34916.146
MinimumVisualStudioVersion = 10.0.40219.1
Project("{FAE04EC0-301F-11D3-BF4B-00C04F79EFBC}") = "Sum of Odd Numbers", "Sum of Odd Numbers\Sum of Odd Numbers.csproj", "{2EE53838-D154-4082-883C-CDC14384AF90}"
EndProject
Global
	GlobalSection(SolutionConfigurationPlatforms) = preSolution
		Debug|Any CPU = Debug|Any CPU
		Release|Any CPU = Release|Any CPU
	EndGlobalSection
	GlobalSection(ProjectConfigurationPlatforms) = postSolution
		{2EE53838-D154-4082-883C-CDC14384AF90}.Debug|Any CPU.ActiveCfg = Debug|Any CPU
		{2EE53838-D154-4082-883C-CDC14384AF90}.Debug|Any CPU.Build.0 = Debug|Any CPU
		{2EE53838-D154-4082-883C-CDC14384AF90}.Release|Any CPU.ActiveCfg = Release|Any CPU
		{2EE53838-D154-4082-883C-CDC14384AF90}.Release|Any CPU.Build.0 = Release|Any CPU
	EndGlobalSection
	GlobalSection(SolutionProperties) = preSolution
		HideSolutionNode = FALSE
	EndGlobalSection
	GlobalSection(ExtensibilityGlobals) = postSolution
		SolutionGuid = {AAF9991C-786E-435B-BC4E-0D022FB5415C}
	EndGlobalSection
EndGlobal
