
Microsoft Visual Studio Solution File, Format Version 12.00
# Visual Studio Version 17
VisualStudioVersion = 17.10.35027.167
MinimumVisualStudioVersion = 10.0.40219.1
Project("{FAE04EC0-301F-11D3-BF4B-00C04F79EFBC}") = "A Miner Task", "A Miner Task\A Miner Task.csproj", "{05C91BCC-3A3E-48DF-8653-86BC5A67525A}"
EndProject
Global
	GlobalSection(SolutionConfigurationPlatforms) = preSolution
		Debug|Any CPU = Debug|Any CPU
		Release|Any CPU = Release|Any CPU
	EndGlobalSection
	GlobalSection(ProjectConfigurationPlatforms) = postSolution
		{05C91BCC-3A3E-48DF-8653-86BC5A67525A}.Debug|Any CPU.ActiveCfg = Debug|Any CPU
		{05C91BCC-3A3E-48DF-8653-86BC5A67525A}.Debug|Any CPU.Build.0 = Debug|Any CPU
		{05C91BCC-3A3E-48DF-8653-86BC5A67525A}.Release|Any CPU.ActiveCfg = Release|Any CPU
		{05C91BCC-3A3E-48DF-8653-86BC5A67525A}.Release|Any CPU.Build.0 = Release|Any CPU
	EndGlobalSection
	GlobalSection(SolutionProperties) = preSolution
		HideSolutionNode = FALSE
	EndGlobalSection
	GlobalSection(ExtensibilityGlobals) = postSolution
		SolutionGuid = {BD2B4E72-F5F7-472C-B340-7BCA5A441092}
	EndGlobalSection
EndGlobal
