
Microsoft Visual Studio Solution File, Format Version 12.00
# Visual Studio Version 17
VisualStudioVersion = 17.10.34916.146
MinimumVisualStudioVersion = 10.0.40219.1
Project("{FAE04EC0-301F-11D3-BF4B-00C04F79EFBC}") = "Passed or Failed", "Passed or Failed\Passed or Failed.csproj", "{392EABF3-F3A7-456C-9872-7EEA86F2A629}"
EndProject
Global
	GlobalSection(SolutionConfigurationPlatforms) = preSolution
		Debug|Any CPU = Debug|Any CPU
		Release|Any CPU = Release|Any CPU
	EndGlobalSection
	GlobalSection(ProjectConfigurationPlatforms) = postSolution
		{392EABF3-F3A7-456C-9872-7EEA86F2A629}.Debug|Any CPU.ActiveCfg = Debug|Any CPU
		{392EABF3-F3A7-456C-9872-7EEA86F2A629}.Debug|Any CPU.Build.0 = Debug|Any CPU
		{392EABF3-F3A7-456C-9872-7EEA86F2A629}.Release|Any CPU.ActiveCfg = Release|Any CPU
		{392EABF3-F3A7-456C-9872-7EEA86F2A629}.Release|Any CPU.Build.0 = Release|Any CPU
	EndGlobalSection
	GlobalSection(SolutionProperties) = preSolution
		HideSolutionNode = FALSE
	EndGlobalSection
	GlobalSection(ExtensibilityGlobals) = postSolution
		SolutionGuid = {F7F2429F-8E48-4BD2-B8AD-4C30140303F8}
	EndGlobalSection
EndGlobal
