
Microsoft Visual Studio Solution File, Format Version 12.00
# Visual Studio Version 17
VisualStudioVersion = 17.10.35027.167
MinimumVisualStudioVersion = 10.0.40219.1
Project("{FAE04EC0-301F-11D3-BF4B-00C04F79EFBC}") = "Bomb Numbers", "Bomb Numbers\Bomb Numbers.csproj", "{88C89A20-DFA0-40EA-836D-444C999F2424}"
EndProject
Global
	GlobalSection(SolutionConfigurationPlatforms) = preSolution
		Debug|Any CPU = Debug|Any CPU
		Release|Any CPU = Release|Any CPU
	EndGlobalSection
	GlobalSection(ProjectConfigurationPlatforms) = postSolution
		{88C89A20-DFA0-40EA-836D-444C999F2424}.Debug|Any CPU.ActiveCfg = Debug|Any CPU
		{88C89A20-DFA0-40EA-836D-444C999F2424}.Debug|Any CPU.Build.0 = Debug|Any CPU
		{88C89A20-DFA0-40EA-836D-444C999F2424}.Release|Any CPU.ActiveCfg = Release|Any CPU
		{88C89A20-DFA0-40EA-836D-444C999F2424}.Release|Any CPU.Build.0 = Release|Any CPU
	EndGlobalSection
	GlobalSection(SolutionProperties) = preSolution
		HideSolutionNode = FALSE
	EndGlobalSection
	GlobalSection(ExtensibilityGlobals) = postSolution
		SolutionGuid = {84DF23BC-46D9-4206-9F10-6CF62DB4E618}
	EndGlobalSection
EndGlobal
