
Microsoft Visual Studio Solution File, Format Version 12.00
# Visual Studio Version 17
VisualStudioVersion = 17.14.36429.23 d17.14
MinimumVisualStudioVersion = 10.0.40219.1
Project("{FAE04EC0-301F-11D3-BF4B-00C04F79EFBC}") = "Text Filter", "Text Filter\Text Filter.csproj", "{52356BE5-444E-4432-8B12-5C2C353A81F8}"
EndProject
Global
	GlobalSection(SolutionConfigurationPlatforms) = preSolution
		Debug|Any CPU = Debug|Any CPU
		Release|Any CPU = Release|Any CPU
	EndGlobalSection
	GlobalSection(ProjectConfigurationPlatforms) = postSolution
		{52356BE5-444E-4432-8B12-5C2C353A81F8}.Debug|Any CPU.ActiveCfg = Debug|Any CPU
		{52356BE5-444E-4432-8B12-5C2C353A81F8}.Debug|Any CPU.Build.0 = Debug|Any CPU
		{52356BE5-444E-4432-8B12-5C2C353A81F8}.Release|Any CPU.ActiveCfg = Release|Any CPU
		{52356BE5-444E-4432-8B12-5C2C353A81F8}.Release|Any CPU.Build.0 = Release|Any CPU
	EndGlobalSection
	GlobalSection(SolutionProperties) = preSolution
		HideSolutionNode = FALSE
	EndGlobalSection
	GlobalSection(ExtensibilityGlobals) = postSolution
		SolutionGuid = {E8191A7C-B4F5-4111-BBD5-05ACD7DECBB1}
	EndGlobalSection
EndGlobal
