
Microsoft Visual Studio Solution File, Format Version 12.00
# Visual Studio Version 17
VisualStudioVersion = 17.14.36414.22 d17.14
MinimumVisualStudioVersion = 10.0.40219.1
Project("{FAE04EC0-301F-11D3-BF4B-00C04F79EFBC}") = "Vehicle Catalogue", "Vehicle Catalogue\Vehicle Catalogue.csproj", "{7BFE4FF5-466B-4CCF-9763-258FA56125F1}"
EndProject
Global
	GlobalSection(SolutionConfigurationPlatforms) = preSolution
		Debug|Any CPU = Debug|Any CPU
		Release|Any CPU = Release|Any CPU
	EndGlobalSection
	GlobalSection(ProjectConfigurationPlatforms) = postSolution
		{7BFE4FF5-466B-4CCF-9763-258FA56125F1}.Debug|Any CPU.ActiveCfg = Debug|Any CPU
		{7BFE4FF5-466B-4CCF-9763-258FA56125F1}.Debug|Any CPU.Build.0 = Debug|Any CPU
		{7BFE4FF5-466B-4CCF-9763-258FA56125F1}.Release|Any CPU.ActiveCfg = Release|Any CPU
		{7BFE4FF5-466B-4CCF-9763-258FA56125F1}.Release|Any CPU.Build.0 = Release|Any CPU
	EndGlobalSection
	GlobalSection(SolutionProperties) = preSolution
		HideSolutionNode = FALSE
	EndGlobalSection
	GlobalSection(ExtensibilityGlobals) = postSolution
		SolutionGuid = {C004A0D0-A02E-4C4F-A31D-944E64AE4EE4}
	EndGlobalSection
EndGlobal
