
Microsoft Visual Studio Solution File, Format Version 12.00
# Visual Studio Version 17
VisualStudioVersion = 17.10.35013.160
MinimumVisualStudioVersion = 10.0.40219.1
Project("{FAE04EC0-301F-11D3-BF4B-00C04F79EFBC}") = "Password Validator", "Password Validator\Password Validator.csproj", "{16CDC3AE-5A8B-473D-B68F-DAF6F146BB74}"
EndProject
Global
	GlobalSection(SolutionConfigurationPlatforms) = preSolution
		Debug|Any CPU = Debug|Any CPU
		Release|Any CPU = Release|Any CPU
	EndGlobalSection
	GlobalSection(ProjectConfigurationPlatforms) = postSolution
		{16CDC3AE-5A8B-473D-B68F-DAF6F146BB74}.Debug|Any CPU.ActiveCfg = Debug|Any CPU
		{16CDC3AE-5A8B-473D-B68F-DAF6F146BB74}.Debug|Any CPU.Build.0 = Debug|Any CPU
		{16CDC3AE-5A8B-473D-B68F-DAF6F146BB74}.Release|Any CPU.ActiveCfg = Release|Any CPU
		{16CDC3AE-5A8B-473D-B68F-DAF6F146BB74}.Release|Any CPU.Build.0 = Release|Any CPU
	EndGlobalSection
	GlobalSection(SolutionProperties) = preSolution
		HideSolutionNode = FALSE
	EndGlobalSection
	GlobalSection(ExtensibilityGlobals) = postSolution
		SolutionGuid = {509EFA79-AE60-4A6B-A21C-7358234801B5}
	EndGlobalSection
EndGlobal
