
Microsoft Visual Studio Solution File, Format Version 12.00
# Visual Studio Version 17
VisualStudioVersion = 17.14.36414.22 d17.14
MinimumVisualStudioVersion = 10.0.40219.1
Project("{FAE04EC0-301F-11D3-BF4B-00C04F79EFBC}") = "List of Products", "List of Products\List of Products.csproj", "{D4E36B52-CC83-45A0-B90C-F36C42320E0A}"
EndProject
Global
	GlobalSection(SolutionConfigurationPlatforms) = preSolution
		Debug|Any CPU = Debug|Any CPU
		Release|Any CPU = Release|Any CPU
	EndGlobalSection
	GlobalSection(ProjectConfigurationPlatforms) = postSolution
		{D4E36B52-CC83-45A0-B90C-F36C42320E0A}.Debug|Any CPU.ActiveCfg = Debug|Any CPU
		{D4E36B52-CC83-45A0-B90C-F36C42320E0A}.Debug|Any CPU.Build.0 = Debug|Any CPU
		{D4E36B52-CC83-45A0-B90C-F36C42320E0A}.Release|Any CPU.ActiveCfg = Release|Any CPU
		{D4E36B52-CC83-45A0-B90C-F36C42320E0A}.Release|Any CPU.Build.0 = Release|Any CPU
	EndGlobalSection
	GlobalSection(SolutionProperties) = preSolution
		HideSolutionNode = FALSE
	EndGlobalSection
	GlobalSection(ExtensibilityGlobals) = postSolution
		SolutionGuid = {BC9F4925-0235-4BC6-B332-3B1BDA0B99D5}
	EndGlobalSection
EndGlobal
