
Microsoft Visual Studio Solution File, Format Version 12.00
# Visual Studio Version 17
VisualStudioVersion = 17.14.36414.22 d17.14
MinimumVisualStudioVersion = 10.0.40219.1
Project("{FAE04EC0-301F-11D3-BF4B-00C04F79EFBC}") = "List Manipulation Advanced", "List Manipulation Advanced\List Manipulation Advanced.csproj", "{A3BE5300-2E06-4D76-B14D-D070D32E4038}"
EndProject
Global
	GlobalSection(SolutionConfigurationPlatforms) = preSolution
		Debug|Any CPU = Debug|Any CPU
		Release|Any CPU = Release|Any CPU
	EndGlobalSection
	GlobalSection(ProjectConfigurationPlatforms) = postSolution
		{A3BE5300-2E06-4D76-B14D-D070D32E4038}.Debug|Any CPU.ActiveCfg = Debug|Any CPU
		{A3BE5300-2E06-4D76-B14D-D070D32E4038}.Debug|Any CPU.Build.0 = Debug|Any CPU
		{A3BE5300-2E06-4D76-B14D-D070D32E4038}.Release|Any CPU.ActiveCfg = Release|Any CPU
		{A3BE5300-2E06-4D76-B14D-D070D32E4038}.Release|Any CPU.Build.0 = Release|Any CPU
	EndGlobalSection
	GlobalSection(SolutionProperties) = preSolution
		HideSolutionNode = FALSE
	EndGlobalSection
	GlobalSection(ExtensibilityGlobals) = postSolution
		SolutionGuid = {23CB7F35-4AEF-4EDA-9FAC-356A15920734}
	EndGlobalSection
EndGlobal
