
Microsoft Visual Studio Solution File, Format Version 12.00
# Visual Studio Version 17
VisualStudioVersion = 17.10.35013.160
MinimumVisualStudioVersion = 10.0.40219.1
Project("{FAE04EC0-301F-11D3-BF4B-00C04F79EFBC}") = "Common Elements", "Common Elements\Common Elements.csproj", "{328EA026-7F82-454E-A212-360FC7B0CC66}"
EndProject
Global
	GlobalSection(SolutionConfigurationPlatforms) = preSolution
		Debug|Any CPU = Debug|Any CPU
		Release|Any CPU = Release|Any CPU
	EndGlobalSection
	GlobalSection(ProjectConfigurationPlatforms) = postSolution
		{328EA026-7F82-454E-A212-360FC7B0CC66}.Debug|Any CPU.ActiveCfg = Debug|Any CPU
		{328EA026-7F82-454E-A212-360FC7B0CC66}.Debug|Any CPU.Build.0 = Debug|Any CPU
		{328EA026-7F82-454E-A212-360FC7B0CC66}.Release|Any CPU.ActiveCfg = Release|Any CPU
		{328EA026-7F82-454E-A212-360FC7B0CC66}.Release|Any CPU.Build.0 = Release|Any CPU
	EndGlobalSection
	GlobalSection(SolutionProperties) = preSolution
		HideSolutionNode = FALSE
	EndGlobalSection
	GlobalSection(ExtensibilityGlobals) = postSolution
		SolutionGuid = {51B5A83F-24CB-490E-8247-75C1EE5DB33B}
	EndGlobalSection
EndGlobal
