
Microsoft Visual Studio Solution File, Format Version 12.00
# Visual Studio Version 17
VisualStudioVersion = 17.10.35013.160
MinimumVisualStudioVersion = 10.0.40219.1
Project("{FAE04EC0-301F-11D3-BF4B-00C04F79EFBC}") = "Concat Names", "Concat Names\Concat Names.csproj", "{89B507C9-19A2-41D6-8477-3C28FB721862}"
EndProject
Global
	GlobalSection(SolutionConfigurationPlatforms) = preSolution
		Debug|Any CPU = Debug|Any CPU
		Release|Any CPU = Release|Any CPU
	EndGlobalSection
	GlobalSection(ProjectConfigurationPlatforms) = postSolution
		{89B507C9-19A2-41D6-8477-3C28FB721862}.Debug|Any CPU.ActiveCfg = Debug|Any CPU
		{89B507C9-19A2-41D6-8477-3C28FB721862}.Debug|Any CPU.Build.0 = Debug|Any CPU
		{89B507C9-19A2-41D6-8477-3C28FB721862}.Release|Any CPU.ActiveCfg = Release|Any CPU
		{89B507C9-19A2-41D6-8477-3C28FB721862}.Release|Any CPU.Build.0 = Release|Any CPU
	EndGlobalSection
	GlobalSection(SolutionProperties) = preSolution
		HideSolutionNode = FALSE
	EndGlobalSection
	GlobalSection(ExtensibilityGlobals) = postSolution
		SolutionGuid = {FB7D4199-3898-460B-BF3E-220CE1B37E92}
	EndGlobalSection
EndGlobal
