
Microsoft Visual Studio Solution File, Format Version 12.00
# Visual Studio Version 17
VisualStudioVersion = 17.10.34916.146
MinimumVisualStudioVersion = 10.0.40219.1
Project("{FAE04EC0-301F-11D3-BF4B-00C04F79EFBC}") = "Ages", "Ages\Ages.csproj", "{B7908B77-D212-498A-830F-4D8091C52651}"
EndProject
Global
	GlobalSection(SolutionConfigurationPlatforms) = preSolution
		Debug|Any CPU = Debug|Any CPU
		Release|Any CPU = Release|Any CPU
	EndGlobalSection
	GlobalSection(ProjectConfigurationPlatforms) = postSolution
		{B7908B77-D212-498A-830F-4D8091C52651}.Debug|Any CPU.ActiveCfg = Debug|Any CPU
		{B7908B77-D212-498A-830F-4D8091C52651}.Debug|Any CPU.Build.0 = Debug|Any CPU
		{B7908B77-D212-498A-830F-4D8091C52651}.Release|Any CPU.ActiveCfg = Release|Any CPU
		{B7908B77-D212-498A-830F-4D8091C52651}.Release|Any CPU.Build.0 = Release|Any CPU
	EndGlobalSection
	GlobalSection(SolutionProperties) = preSolution
		HideSolutionNode = FALSE
	EndGlobalSection
	GlobalSection(ExtensibilityGlobals) = postSolution
		SolutionGuid = {5CCE1AE2-E6B3-4A80-8D76-727460E629DF}
	EndGlobalSection
EndGlobal
