
Microsoft Visual Studio Solution File, Format Version 12.00
# Visual Studio Version 17
VisualStudioVersion = 17.10.35013.160
MinimumVisualStudioVersion = 10.0.40219.1
Project("{FAE04EC0-301F-11D3-BF4B-00C04F79EFBC}") = "Kamino Factory", "Kamino Factory\Kamino Factory.csproj", "{A15274EA-DFC9-4695-824A-B49F9B7192B4}"
EndProject
Global
	GlobalSection(SolutionConfigurationPlatforms) = preSolution
		Debug|Any CPU = Debug|Any CPU
		Release|Any CPU = Release|Any CPU
	EndGlobalSection
	GlobalSection(ProjectConfigurationPlatforms) = postSolution
		{A15274EA-DFC9-4695-824A-B49F9B7192B4}.Debug|Any CPU.ActiveCfg = Debug|Any CPU
		{A15274EA-DFC9-4695-824A-B49F9B7192B4}.Debug|Any CPU.Build.0 = Debug|Any CPU
		{A15274EA-DFC9-4695-824A-B49F9B7192B4}.Release|Any CPU.ActiveCfg = Release|Any CPU
		{A15274EA-DFC9-4695-824A-B49F9B7192B4}.Release|Any CPU.Build.0 = Release|Any CPU
	EndGlobalSection
	GlobalSection(SolutionProperties) = preSolution
		HideSolutionNode = FALSE
	EndGlobalSection
	GlobalSection(ExtensibilityGlobals) = postSolution
		SolutionGuid = {28AF0719-007F-4271-BF2E-488D15077343}
	EndGlobalSection
EndGlobal
