
Microsoft Visual Studio Solution File, Format Version 12.00
# Visual Studio Version 17
VisualStudioVersion = 17.10.34916.146
MinimumVisualStudioVersion = 10.0.40219.1
Project("{FAE04EC0-301F-11D3-BF4B-00C04F79EFBC}") = "Month Printer", "Month Printer\Month Printer.csproj", "{C7E43A01-CD5E-4BF0-AB9B-B17D32237A28}"
EndProject
Global
	GlobalSection(SolutionConfigurationPlatforms) = preSolution
		Debug|Any CPU = Debug|Any CPU
		Release|Any CPU = Release|Any CPU
	EndGlobalSection
	GlobalSection(ProjectConfigurationPlatforms) = postSolution
		{C7E43A01-CD5E-4BF0-AB9B-B17D32237A28}.Debug|Any CPU.ActiveCfg = Debug|Any CPU
		{C7E43A01-CD5E-4BF0-AB9B-B17D32237A28}.Debug|Any CPU.Build.0 = Debug|Any CPU
		{C7E43A01-CD5E-4BF0-AB9B-B17D32237A28}.Release|Any CPU.ActiveCfg = Release|Any CPU
		{C7E43A01-CD5E-4BF0-AB9B-B17D32237A28}.Release|Any CPU.Build.0 = Release|Any CPU
	EndGlobalSection
	GlobalSection(SolutionProperties) = preSolution
		HideSolutionNode = FALSE
	EndGlobalSection
	GlobalSection(ExtensibilityGlobals) = postSolution
		SolutionGuid = {6EBB310A-1FCC-4975-AF4C-BE100411B89E}
	EndGlobalSection
EndGlobal
