
Microsoft Visual Studio Solution File, Format Version 12.00
# Visual Studio Version 17
VisualStudioVersion = 17.10.34916.146
MinimumVisualStudioVersion = 10.0.40219.1
Project("{FAE04EC0-301F-11D3-BF4B-00C04F79EFBC}") = "Login", "Login\Login.csproj", "{6E82E042-8D2E-4429-9A41-37933901E936}"
EndProject
Global
	GlobalSection(SolutionConfigurationPlatforms) = preSolution
		Debug|Any CPU = Debug|Any CPU
		Release|Any CPU = Release|Any CPU
	EndGlobalSection
	GlobalSection(ProjectConfigurationPlatforms) = postSolution
		{6E82E042-8D2E-4429-9A41-37933901E936}.Debug|Any CPU.ActiveCfg = Debug|Any CPU
		{6E82E042-8D2E-4429-9A41-37933901E936}.Debug|Any CPU.Build.0 = Debug|Any CPU
		{6E82E042-8D2E-4429-9A41-37933901E936}.Release|Any CPU.ActiveCfg = Release|Any CPU
		{6E82E042-8D2E-4429-9A41-37933901E936}.Release|Any CPU.Build.0 = Release|Any CPU
	EndGlobalSection
	GlobalSection(SolutionProperties) = preSolution
		HideSolutionNode = FALSE
	EndGlobalSection
	GlobalSection(ExtensibilityGlobals) = postSolution
		SolutionGuid = {CDFE81AE-B384-4064-B673-393DA0EFAF90}
	EndGlobalSection
EndGlobal
