
Microsoft Visual Studio Solution File, Format Version 12.00
# Visual Studio Version 17
VisualStudioVersion = 17.14.36429.23 d17.14
MinimumVisualStudioVersion = 10.0.40219.1
Project("{FAE04EC0-301F-11D3-BF4B-00C04F79EFBC}") = "Match Full Name", "Match Full Name\Match Full Name.csproj", "{35AD1C2D-E8F7-40AC-AEE1-1377A1AFB72F}"
EndProject
Global
	GlobalSection(SolutionConfigurationPlatforms) = preSolution
		Debug|Any CPU = Debug|Any CPU
		Release|Any CPU = Release|Any CPU
	EndGlobalSection
	GlobalSection(ProjectConfigurationPlatforms) = postSolution
		{35AD1C2D-E8F7-40AC-AEE1-1377A1AFB72F}.Debug|Any CPU.ActiveCfg = Debug|Any CPU
		{35AD1C2D-E8F7-40AC-AEE1-1377A1AFB72F}.Debug|Any CPU.Build.0 = Debug|Any CPU
		{35AD1C2D-E8F7-40AC-AEE1-1377A1AFB72F}.Release|Any CPU.ActiveCfg = Release|Any CPU
		{35AD1C2D-E8F7-40AC-AEE1-1377A1AFB72F}.Release|Any CPU.Build.0 = Release|Any CPU
	EndGlobalSection
	GlobalSection(SolutionProperties) = preSolution
		HideSolutionNode = FALSE
	EndGlobalSection
	GlobalSection(ExtensibilityGlobals) = postSolution
		SolutionGuid = {73CBD498-9443-4E8B-BD0A-6B71443CCD51}
	EndGlobalSection
EndGlobal
