
Microsoft Visual Studio Solution File, Format Version 12.00
# Visual Studio Version 17
VisualStudioVersion = 17.14.36429.23 d17.14
MinimumVisualStudioVersion = 10.0.40219.1
Project("{FAE04EC0-301F-11D3-BF4B-00C04F79EFBC}") = "SoftUni Bar Income", "SoftUni Bar Income\SoftUni Bar Income.csproj", "{AED16FEF-E769-4AF5-92FF-2D056164A064}"
EndProject
Global
	GlobalSection(SolutionConfigurationPlatforms) = preSolution
		Debug|Any CPU = Debug|Any CPU
		Release|Any CPU = Release|Any CPU
	EndGlobalSection
	GlobalSection(ProjectConfigurationPlatforms) = postSolution
		{AED16FEF-E769-4AF5-92FF-2D056164A064}.Debug|Any CPU.ActiveCfg = Debug|Any CPU
		{AED16FEF-E769-4AF5-92FF-2D056164A064}.Debug|Any CPU.Build.0 = Debug|Any CPU
		{AED16FEF-E769-4AF5-92FF-2D056164A064}.Release|Any CPU.ActiveCfg = Release|Any CPU
		{AED16FEF-E769-4AF5-92FF-2D056164A064}.Release|Any CPU.Build.0 = Release|Any CPU
	EndGlobalSection
	GlobalSection(SolutionProperties) = preSolution
		HideSolutionNode = FALSE
	EndGlobalSection
	GlobalSection(ExtensibilityGlobals) = postSolution
		SolutionGuid = {C9CA33CF-F37E-4D6C-A245-A21DFD0119BD}
	EndGlobalSection
EndGlobal
