
Microsoft Visual Studio Solution File, Format Version 12.00
# Visual Studio Version 17
VisualStudioVersion = 17.10.35013.160
MinimumVisualStudioVersion = 10.0.40219.1
Project("{FAE04EC0-301F-11D3-BF4B-00C04F79EFBC}") = "Triples of Latin Letters", "Triples of Latin Letters\Triples of Latin Letters.csproj", "{8EEF730B-A4B6-4AF5-A66F-3D6126FA13B6}"
EndProject
Global
	GlobalSection(SolutionConfigurationPlatforms) = preSolution
		Debug|Any CPU = Debug|Any CPU
		Release|Any CPU = Release|Any CPU
	EndGlobalSection
	GlobalSection(ProjectConfigurationPlatforms) = postSolution
		{8EEF730B-A4B6-4AF5-A66F-3D6126FA13B6}.Debug|Any CPU.ActiveCfg = Debug|Any CPU
		{8EEF730B-A4B6-4AF5-A66F-3D6126FA13B6}.Debug|Any CPU.Build.0 = Debug|Any CPU
		{8EEF730B-A4B6-4AF5-A66F-3D6126FA13B6}.Release|Any CPU.ActiveCfg = Release|Any CPU
		{8EEF730B-A4B6-4AF5-A66F-3D6126FA13B6}.Release|Any CPU.Build.0 = Release|Any CPU
	EndGlobalSection
	GlobalSection(SolutionProperties) = preSolution
		HideSolutionNode = FALSE
	EndGlobalSection
	GlobalSection(ExtensibilityGlobals) = postSolution
		SolutionGuid = {65F44767-7097-45F5-9FDD-47D67F30E788}
	EndGlobalSection
EndGlobal
